
Microsoft Visual Studio Solution File, Format Version 12.00
# Visual Studio Version 17
VisualStudioVersion = 17.4.33205.214
MinimumVisualStudioVersion = 10.0.40219.1
Project("{FAE04EC0-301F-11D3-BF4B-00C04F79EFBC}") = "MLModelTextClassification", "MLModelTextClassification.csproj", "{EE7A0E15-158F-4432-BEF3-836940E3E01C}"
EndProject
Project("{9A19103F-16F7-4668-BE54-9A1E7A4F7556}") = "MLModel1_WebApi1", "..\MLModel1_WebApi1\MLModel1_WebApi1.csproj", "{5DBA0EF6-9891-44B1-9630-542F4C1054A6}"
EndProject
Global
	GlobalSection(SolutionConfigurationPlatforms) = preSolution
		Debug|Any CPU = Debug|Any CPU
		Release|Any CPU = Release|Any CPU
	EndGlobalSection
	GlobalSection(ProjectConfigurationPlatforms) = postSolution
		{EE7A0E15-158F-4432-BEF3-836940E3E01C}.Debug|Any CPU.ActiveCfg = Debug|Any CPU
		{EE7A0E15-158F-4432-BEF3-836940E3E01C}.Debug|Any CPU.Build.0 = Debug|Any CPU
		{EE7A0E15-158F-4432-BEF3-836940E3E01C}.Release|Any CPU.ActiveCfg = Release|Any CPU
		{EE7A0E15-158F-4432-BEF3-836940E3E01C}.Release|Any CPU.Build.0 = Release|Any CPU
		{5DBA0EF6-9891-44B1-9630-542F4C1054A6}.Debug|Any CPU.ActiveCfg = Debug|Any CPU
		{5DBA0EF6-9891-44B1-9630-542F4C1054A6}.Debug|Any CPU.Build.0 = Debug|Any CPU
		{5DBA0EF6-9891-44B1-9630-542F4C1054A6}.Release|Any CPU.ActiveCfg = Release|Any CPU
		{5DBA0EF6-9891-44B1-9630-542F4C1054A6}.Release|Any CPU.Build.0 = Release|Any CPU
	EndGlobalSection
	GlobalSection(SolutionProperties) = preSolution
		HideSolutionNode = FALSE
	EndGlobalSection
	GlobalSection(ExtensibilityGlobals) = postSolution
		SolutionGuid = {7028A597-C5AE-4A36-A415-47F69ED90491}
	EndGlobalSection
EndGlobal
